// !$*UTF8*$!
{
	archiveVersion = 1;
	classes = {
	};
	objectVersion = 56;
	objects = {

/* Begin PBXBuildFile section */
		1CEAE5F82AA9A0E00018C07C /* WidgetTestApp.swift in Sources */ = {isa = PBXBuildFile; fileRef = 1CEAE5F72AA9A0E00018C07C /* WidgetTestApp.swift */; };
		1CEAE5FA2AA9A0E00018C07C /* ContentView.swift in Sources */ = {isa = PBXBuildFile; fileRef = 1CEAE5F92AA9A0E00018C07C /* ContentView.swift */; };
		1CEAE5FC2AA9A0E10018C07C /* Assets.xcassets in Resources */ = {isa = PBXBuildFile; fileRef = 1CEAE5FB2AA9A0E10018C07C /* Assets.xcassets */; };
		1CEAE5FF2AA9A0E10018C07C /* Preview Assets.xcassets in Resources */ = {isa = PBXBuildFile; fileRef = 1CEAE5FE2AA9A0E10018C07C /* Preview Assets.xcassets */; };
		1CEAE60C2AA9A1680018C07C /* WidgetKit.framework in Frameworks */ = {isa = PBXBuildFile; fileRef = 1CEAE60B2AA9A1680018C07C /* WidgetKit.framework */; };
		1CEAE60E2AA9A1680018C07C /* SwiftUI.framework in Frameworks */ = {isa = PBXBuildFile; fileRef = 1CEAE60D2AA9A1680018C07C /* SwiftUI.framework */; };
		1CEAE6112AA9A1680018C07C /* CryptoWidgetBundle.swift in Sources */ = {isa = PBXBuildFile; fileRef = 1CEAE6102AA9A1680018C07C /* CryptoWidgetBundle.swift */; };
		1CEAE6132AA9A1680018C07C /* CryptoWidget.swift in Sources */ = {isa = PBXBuildFile; fileRef = 1CEAE6122AA9A1680018C07C /* CryptoWidget.swift */; };
		1CEAE6152AA9A1690018C07C /* Assets.xcassets in Resources */ = {isa = PBXBuildFile; fileRef = 1CEAE6142AA9A1690018C07C /* Assets.xcassets */; };
		1CEAE6192AA9A1690018C07C /* CryptoWidgetExtension.appex in Embed Foundation Extensions */ = {isa = PBXBuildFile; fileRef = 1CEAE6092AA9A1680018C07C /* CryptoWidgetExtension.appex */; settings = {ATTRIBUTES = (RemoveHeadersOnCopy, ); }; };
/* End PBXBuildFile section */

/* Begin PBXContainerItemProxy section */
		1CEAE6172AA9A1690018C07C /* PBXContainerItemProxy */ = {
			isa = PBXContainerItemProxy;
			containerPortal = 1CEAE5EC2AA9A0E00018C07C /* Project object */;
			proxyType = 1;
			remoteGlobalIDString = 1CEAE6082AA9A1680018C07C;
			remoteInfo = CryptoWidgetExtension;
		};
/* End PBXContainerItemProxy section */

/* Begin PBXCopyFilesBuildPhase section */
		1CEAE61D2AA9A1690018C07C /* Embed Foundation Extensions */ = {
			isa = PBXCopyFilesBuildPhase;
			buildActionMask = 2147483647;
			dstPath = "";
			dstSubfolderSpec = 13;
			files = (
				1CEAE6192AA9A1690018C07C /* CryptoWidgetExtension.appex in Embed Foundation Extensions */,
			);
			name = "Embed Foundation Extensions";
			runOnlyForDeploymentPostprocessing = 0;
		};
/* End PBXCopyFilesBuildPhase section */

/* Begin PBXFileReference section */
		1CEAE5F42AA9A0E00018C07C /* WidgetTest.app */ = {isa = PBXFileReference; explicitFileType = wrapper.application; includeInIndex = 0; path = WidgetTest.app; sourceTree = BUILT_PRODUCTS_DIR; };
		1CEAE5F72AA9A0E00018C07C /* WidgetTestApp.swift */ = {isa = PBXFileReference; lastKnownFileType = sourcecode.swift; path = WidgetTestApp.swift; sourceTree = "<group>"; };
		1CEAE5F92AA9A0E00018C07C /* ContentView.swift */ = {isa = PBXFileReference; lastKnownFileType = sourcecode.swift; path = ContentView.swift; sourceTree = "<group>"; };
		1CEAE5FB2AA9A0E10018C07C /* Assets.xcassets */ = {isa = PBXFileReference; lastKnownFileType = folder.assetcatalog; path = Assets.xcassets; sourceTree = "<group>"; };
		1CEAE5FE2AA9A0E10018C07C /* Preview Assets.xcassets */ = {isa = PBXFileReference; lastKnownFileType = folder.assetcatalog; path = "Preview Assets.xcassets"; sourceTree = "<group>"; };
		1CEAE6092AA9A1680018C07C /* CryptoWidgetExtension.appex */ = {isa = PBXFileReference; explicitFileType = "wrapper.app-extension"; includeInIndex = 0; path = CryptoWidgetExtension.appex; sourceTree = BUILT_PRODUCTS_DIR; };
		1CEAE60B2AA9A1680018C07C /* WidgetKit.framework */ = {isa = PBXFileReference; lastKnownFileType = wrapper.framework; name = WidgetKit.framework; path = System/Library/Frameworks/WidgetKit.framework; sourceTree = SDKROOT; };
		1CEAE60D2AA9A1680018C07C /* SwiftUI.framework */ = {isa = PBXFileReference; lastKnownFileType = wrapper.framework; name = SwiftUI.framework; path = System/Library/Frameworks/SwiftUI.framework; sourceTree = SDKROOT; };
		1CEAE6102AA9A1680018C07C /* CryptoWidgetBundle.swift */ = {isa = PBXFileReference; lastKnownFileType = sourcecode.swift; path = CryptoWidgetBundle.swift; sourceTree = "<group>"; };
		1CEAE6122AA9A1680018C07C /* CryptoWidget.swift */ = {isa = PBXFileReference; lastKnownFileType = sourcecode.swift; path = CryptoWidget.swift; sourceTree = "<group>"; };
		1CEAE6142AA9A1690018C07C /* Assets.xcassets */ = {isa = PBXFileReference; lastKnownFileType = folder.assetcatalog; path = Assets.xcassets; sourceTree = "<group>"; };
		1CEAE6162AA9A1690018C07C /* Info.plist */ = {isa = PBXFileReference; lastKnownFileType = text.plist.xml; path = Info.plist; sourceTree = "<group>"; };
/* End PBXFileReference section */

/* Begin PBXFrameworksBuildPhase section */
		1CEAE5F12AA9A0E00018C07C /* Frameworks */ = {
			isa = PBXFrameworksBuildPhase;
			buildActionMask = 2147483647;
			files = (
			);
			runOnlyForDeploymentPostprocessing = 0;
		};
		1CEAE6062AA9A1680018C07C /* Frameworks */ = {
			isa = PBXFrameworksBuildPhase;
			buildActionMask = 2147483647;
			files = (
				1CEAE60E2AA9A1680018C07C /* SwiftUI.framework in Frameworks */,
				1CEAE60C2AA9A1680018C07C /* WidgetKit.framework in Frameworks */,
			);
			runOnlyForDeploymentPostprocessing = 0;
		};
/* End PBXFrameworksBuildPhase section */

/* Begin PBXGroup section */
		1CEAE5EB2AA9A0E00018C07C = {
			isa = PBXGroup;
			children = (
				1CEAE5F62AA9A0E00018C07C /* WidgetTest */,
				1CEAE60F2AA9A1680018C07C /* CryptoWidget */,
				1CEAE60A2AA9A1680018C07C /* Frameworks */,
				1CEAE5F52AA9A0E00018C07C /* Products */,
			);
			sourceTree = "<group>";
		};
		1CEAE5F52AA9A0E00018C07C /* Products */ = {
			isa = PBXGroup;
			children = (
				1CEAE5F42AA9A0E00018C07C /* WidgetTest.app */,
				1CEAE6092AA9A1680018C07C /* CryptoWidgetExtension.appex */,
			);
			name = Products;
			sourceTree = "<group>";
		};
		1CEAE5F62AA9A0E00018C07C /* WidgetTest */ = {
			isa = PBXGroup;
			children = (
				1CEAE5F72AA9A0E00018C07C /* WidgetTestApp.swift */,
				1CEAE5F92AA9A0E00018C07C /* ContentView.swift */,
				1CEAE5FB2AA9A0E10018C07C /* Assets.xcassets */,
				1CEAE5FD2AA9A0E10018C07C /* Preview Content */,
			);
			path = WidgetTest;
			sourceTree = "<group>";
		};
		1CEAE5FD2AA9A0E10018C07C /* Preview Content */ = {
			isa = PBXGroup;
			children = (
				1CEAE5FE2AA9A0E10018C07C /* Preview Assets.xcassets */,
			);
			path = "Preview Content";
			sourceTree = "<group>";
		};
		1CEAE60A2AA9A1680018C07C /* Frameworks */ = {
			isa = PBXGroup;
			children = (
				1CEAE60B2AA9A1680018C07C /* WidgetKit.framework */,
				1CEAE60D2AA9A1680018C07C /* SwiftUI.framework */,
			);
			name = Frameworks;
			sourceTree = "<group>";
		};
		1CEAE60F2AA9A1680018C07C /* CryptoWidget */ = {
			isa = PBXGroup;
			children = (
				1CEAE6102AA9A1680018C07C /* CryptoWidgetBundle.swift */,
				1CEAE6122AA9A1680018C07C /* CryptoWidget.swift */,
				1CEAE6142AA9A1690018C07C /* Assets.xcassets */,
				1CEAE6162AA9A1690018C07C /* Info.plist */,
			);
			path = CryptoWidget;
			sourceTree = "<group>";
		};
/* End PBXGroup section */

/* Begin PBXNativeTarget section */
		1CEAE5F32AA9A0E00018C07C /* WidgetTest */ = {
			isa = PBXNativeTarget;
			buildConfigurationList = 1CEAE6022AA9A0E10018C07C /* Build configuration list for PBXNativeTarget "WidgetTest" */;
			buildPhases = (
				1CEAE5F02AA9A0E00018C07C /* Sources */,
				1CEAE5F12AA9A0E00018C07C /* Frameworks */,
				1CEAE5F22AA9A0E00018C07C /* Resources */,
				1CEAE61D2AA9A1690018C07C /* Embed Foundation Extensions */,
			);
			buildRules = (
			);
			dependencies = (
				1CEAE6182AA9A1690018C07C /* PBXTargetDependency */,
			);
			name = WidgetTest;
			productName = WidgetTest;
			productReference = 1CEAE5F42AA9A0E00018C07C /* WidgetTest.app */;
			productType = "com.apple.product-type.application";
		};
		1CEAE6082AA9A1680018C07C /* CryptoWidgetExtension */ = {
			isa = PBXNativeTarget;
			buildConfigurationList = 1CEAE61A2AA9A1690018C07C /* Build configuration list for PBXNativeTarget "CryptoWidgetExtension" */;
			buildPhases = (
				1CEAE6052AA9A1680018C07C /* Sources */,
				1CEAE6062AA9A1680018C07C /* Frameworks */,
				1CEAE6072AA9A1680018C07C /* Resources */,
			);
			buildRules = (
			);
			dependencies = (
			);
			name = CryptoWidgetExtension;
			productName = CryptoWidgetExtension;
			productReference = 1CEAE6092AA9A1680018C07C /* CryptoWidgetExtension.appex */;
			productType = "com.apple.product-type.app-extension";
		};
/* End PBXNativeTarget section */

/* Begin PBXProject section */
		1CEAE5EC2AA9A0E00018C07C /* Project object */ = {
			isa = PBXProject;
			attributes = {
				BuildIndependentTargetsInParallel = 1;
				LastSwiftUpdateCheck = 1430;
				LastUpgradeCheck = 1430;
				TargetAttributes = {
					1CEAE5F32AA9A0E00018C07C = {
						CreatedOnToolsVersion = 14.3.1;
					};
					1CEAE6082AA9A1680018C07C = {
						CreatedOnToolsVersion = 14.3.1;
					};
				};
			};
			buildConfigurationList = 1CEAE5EF2AA9A0E00018C07C /* Build configuration list for PBXProject "WidgetTest" */;
			compatibilityVersion = "Xcode 14.0";
			developmentRegion = en;
			hasScannedForEncodings = 0;
			knownRegions = (
				en,
				Base,
			);
			mainGroup = 1CEAE5EB2AA9A0E00018C07C;
			productRefGroup = 1CEAE5F52AA9A0E00018C07C /* Products */;
			projectDirPath = "";
			projectRoot = "";
			targets = (
				1CEAE5F32AA9A0E00018C07C /* WidgetTest */,
				1CEAE6082AA9A1680018C07C /* CryptoWidgetExtension */,
			);
		};
/* End PBXProject section */

/* Begin PBXResourcesBuildPhase section */
		1CEAE5F22AA9A0E00018C07C /* Resources */ = {
			isa = PBXResourcesBuildPhase;
			buildActionMask = 2147483647;
			files = (
				1CEAE5FF2AA9A0E10018C07C /* Preview Assets.xcassets in Resources */,
				1CEAE5FC2AA9A0E10018C07C /* Assets.xcassets in Resources */,
			);
			runOnlyForDeploymentPostprocessing = 0;
		};
		1CEAE6072AA9A1680018C07C /* Resources */ = {
			isa = PBXResourcesBuildPhase;
			buildActionMask = 2147483647;
			files = (
				1CEAE6152AA9A1690018C07C /* Assets.xcassets in Resources */,
			);
			runOnlyForDeploymentPostprocessing = 0;
		};
/* End PBXResourcesBuildPhase section */

/* Begin PBXSourcesBuildPhase section */
		1CEAE5F02AA9A0E00018C07C /* Sources */ = {
			isa = PBXSourcesBuildPhase;
			buildActionMask = 2147483647;
			files = (
				1CEAE5FA2AA9A0E00018C07C /* ContentView.swift in Sources */,
				1CEAE5F82AA9A0E00018C07C /* WidgetTestApp.swift in Sources */,
			);
			runOnlyForDeploymentPostprocessing = 0;
		};
		1CEAE6052AA9A1680018C07C /* Sources */ = {
			isa = PBXSourcesBuildPhase;
			buildActionMask = 2147483647;
			files = (
				1CEAE6132AA9A1680018C07C /* CryptoWidget.swift in Sources */,
				1CEAE6112AA9A1680018C07C /* CryptoWidgetBundle.swift in Sources */,
			);
			runOnlyForDeploymentPostprocessing = 0;
		};
/* End PBXSourcesBuildPhase section */

/* Begin PBXTargetDependency section */
		1CEAE6182AA9A1690018C07C /* PBXTargetDependency */ = {
			isa = PBXTargetDependency;
			target = 1CEAE6082AA9A1680018C07C /* CryptoWidgetExtension */;
			targetProxy = 1CEAE6172AA9A1690018C07C /* PBXContainerItemProxy */;
		};
/* End PBXTargetDependency section */

/* Begin XCBuildConfiguration section */
		1CEAE6002AA9A0E10018C07C /* Debug */ = {
			isa = XCBuildConfiguration;
			buildSettings = {
				ALWAYS_SEARCH_USER_PATHS = NO;
				CLANG_ANALYZER_NONNULL = YES;
				CLANG_ANALYZER_NUMBER_OBJECT_CONVERSION = YES_AGGRESSIVE;
				CLANG_CXX_LANGUAGE_STANDARD = "gnu++20";
				CLANG_ENABLE_MODULES = YES;
				CLANG_ENABLE_OBJC_ARC = YES;
				CLANG_ENABLE_OBJC_WEAK = YES;
				CLANG_WARN_BLOCK_CAPTURE_AUTORELEASING = YES;
				CLANG_WARN_BOOL_CONVERSION = YES;
				CLANG_WARN_COMMA = YES;
				CLANG_WARN_CONSTANT_CONVERSION = YES;
				CLANG_WARN_DEPRECATED_OBJC_IMPLEMENTATIONS = YES;
				CLANG_WARN_DIRECT_OBJC_ISA_USAGE = YES_ERROR;
				CLANG_WARN_DOCUMENTATION_COMMENTS = YES;
				CLANG_WARN_EMPTY_BODY = YES;
				CLANG_WARN_ENUM_CONVERSION = YES;
				CLANG_WARN_INFINITE_RECURSION = YES;
				CLANG_WARN_INT_CONVERSION = YES;
				CLANG_WARN_NON_LITERAL_NULL_CONVERSION = YES;
				CLANG_WARN_OBJC_IMPLICIT_RETAIN_SELF = YES;
				CLANG_WARN_OBJC_LITERAL_CONVERSION = YES;
				CLANG_WARN_OBJC_ROOT_CLASS = YES_ERROR;
				CLANG_WARN_QUOTED_INCLUDE_IN_FRAMEWORK_HEADER = YES;
				CLANG_WARN_RANGE_LOOP_ANALYSIS = YES;
				CLANG_WARN_STRICT_PROTOTYPES = YES;
				CLANG_WARN_SUSPICIOUS_MOVE = YES;
				CLANG_WARN_UNGUARDED_AVAILABILITY = YES_AGGRESSIVE;
				CLANG_WARN_UNREACHABLE_CODE = YES;
				CLANG_WARN__DUPLICATE_METHOD_MATCH = YES;
				COPY_PHASE_STRIP = NO;
				DEBUG_INFORMATION_FORMAT = dwarf;
				ENABLE_STRICT_OBJC_MSGSEND = YES;
				ENABLE_TESTABILITY = YES;
				GCC_C_LANGUAGE_STANDARD = gnu11;
				GCC_DYNAMIC_NO_PIC = NO;
				GCC_NO_COMMON_BLOCKS = YES;
				GCC_OPTIMIZATION_LEVEL = 0;
				GCC_PREPROCESSOR_DEFINITIONS = (
					"DEBUG=1",
					"$(inherited)",
				);
				GCC_WARN_64_TO_32_BIT_CONVERSION = YES;
				GCC_WARN_ABOUT_RETURN_TYPE = YES_ERROR;
				GCC_WARN_UNDECLARED_SELECTOR = YES;
				GCC_WARN_UNINITIALIZED_AUTOS = YES_AGGRESSIVE;
				GCC_WARN_UNUSED_FUNCTION = YES;
				GCC_WARN_UNUSED_VARIABLE = YES;
				IPHONEOS_DEPLOYMENT_TARGET = 16.4;
				MTL_ENABLE_DEBUG_INFO = INCLUDE_SOURCE;
				MTL_FAST_MATH = YES;
				ONLY_ACTIVE_ARCH = YES;
				SDKROOT = iphoneos;
				SWIFT_ACTIVE_COMPILATION_CONDITIONS = DEBUG;
				SWIFT_OPTIMIZATION_LEVEL = "-Onone";
			};
			name = Debug;
		};
		1CEAE6012AA9A0E10018C07C /* Release */ = {
			isa = XCBuildConfiguration;
			buildSettings = {
				ALWAYS_SEARCH_USER_PATHS = NO;
				CLANG_ANALYZER_NONNULL = YES;
				CLANG_ANALYZER_NUMBER_OBJECT_CONVERSION = YES_AGGRESSIVE;
				CLANG_CXX_LANGUAGE_STANDARD = "gnu++20";
				CLANG_ENABLE_MODULES = YES;
				CLANG_ENABLE_OBJC_ARC = YES;
				CLANG_ENABLE_OBJC_WEAK = YES;
				CLANG_WARN_BLOCK_CAPTURE_AUTORELEASING = YES;
				CLANG_WARN_BOOL_CONVERSION = YES;
				CLANG_WARN_COMMA = YES;
				CLANG_WARN_CONSTANT_CONVERSION = YES;
				CLANG_WARN_DEPRECATED_OBJC_IMPLEMENTATIONS = YES;
				CLANG_WARN_DIRECT_OBJC_ISA_USAGE = YES_ERROR;
				CLANG_WARN_DOCUMENTATION_COMMENTS = YES;
				CLANG_WARN_EMPTY_BODY = YES;
				CLANG_WARN_ENUM_CONVERSION = YES;
				CLANG_WARN_INFINITE_RECURSION = YES;
				CLANG_WARN_INT_CONVERSION = YES;
				CLANG_WARN_NON_LITERAL_NULL_CONVERSION = YES;
				CLANG_WARN_OBJC_IMPLICIT_RETAIN_SELF = YES;
				CLANG_WARN_OBJC_LITERAL_CONVERSION = YES;
				CLANG_WARN_OBJC_ROOT_CLASS = YES_ERROR;
				CLANG_WARN_QUOTED_INCLUDE_IN_FRAMEWORK_HEADER = YES;
				CLANG_WARN_RANGE_LOOP_ANALYSIS = YES;
				CLANG_WARN_STRICT_PROTOTYPES = YES;
				CLANG_WARN_SUSPICIOUS_MOVE = YES;
				CLANG_WARN_UNGUARDED_AVAILABILITY = YES_AGGRESSIVE;
				CLANG_WARN_UNREACHABLE_CODE = YES;
				CLANG_WARN__DUPLICATE_METHOD_MATCH = YES;
				COPY_PHASE_STRIP = NO;
				DEBUG_INFORMATION_FORMAT = "dwarf-with-dsym";
				ENABLE_NS_ASSERTIONS = NO;
				ENABLE_STRICT_OBJC_MSGSEND = YES;
				GCC_C_LANGUAGE_STANDARD = gnu11;
				GCC_NO_COMMON_BLOCKS = YES;
				GCC_WARN_64_TO_32_BIT_CONVERSION = YES;
				GCC_WARN_ABOUT_RETURN_TYPE = YES_ERROR;
				GCC_WARN_UNDECLARED_SELECTOR = YES;
				GCC_WARN_UNINITIALIZED_AUTOS = YES_AGGRESSIVE;
				GCC_WARN_UNUSED_FUNCTION = YES;
				GCC_WARN_UNUSED_VARIABLE = YES;
				IPHONEOS_DEPLOYMENT_TARGET = 16.4;
				MTL_ENABLE_DEBUG_INFO = NO;
				MTL_FAST_MATH = YES;
				SDKROOT = iphoneos;
				SWIFT_COMPILATION_MODE = wholemodule;
				SWIFT_OPTIMIZATION_LEVEL = "-O";
				VALIDATE_PRODUCT = YES;
			};
			name = Release;
		};
		1CEAE6032AA9A0E10018C07C /* Debug */ = {
			isa = XCBuildConfiguration;
			buildSettings = {
				ALWAYS_EMBED_SWIFT_STANDARD_LIBRARIES = YES;
				ASSETCATALOG_COMPILER_APPICON_NAME = AppIcon;
				ASSETCATALOG_COMPILER_GLOBAL_ACCENT_COLOR_NAME = AccentColor;
				CODE_SIGN_STYLE = Automatic;
				CURRENT_PROJECT_VERSION = 1;
				DEVELOPMENT_ASSET_PATHS = "\"WidgetTest/Preview Content\"";
				DEVELOPMENT_TEAM = J922EA4HV6;
				ENABLE_PREVIEWS = YES;
				GENERATE_INFOPLIST_FILE = YES;
				INFOPLIST_KEY_UIApplicationSceneManifest_Generation = YES;
				INFOPLIST_KEY_UIApplicationSupportsIndirectInputEvents = YES;
				INFOPLIST_KEY_UILaunchScreen_Generation = YES;
				INFOPLIST_KEY_UISupportedInterfaceOrientations_iPad = "UIInterfaceOrientationPortrait UIInterfaceOrientationPortraitUpsideDown UIInterfaceOrientationLandscapeLeft UIInterfaceOrientationLandscapeRight";
				INFOPLIST_KEY_UISupportedInterfaceOrientations_iPhone = "UIInterfaceOrientationPortrait UIInterfaceOrientationLandscapeLeft UIInterfaceOrientationLandscapeRight";
				IPHONEOS_DEPLOYMENT_TARGET = 16.0;
				LD_RUNPATH_SEARCH_PATHS = (
					"$(inherited)",
					"@executable_path/Frameworks",
				);
				MARKETING_VERSION = 1.0;
				PRODUCT_BUNDLE_IDENTIFIER = com.mobilika.WidgetTest;
				PRODUCT_NAME = "$(TARGET_NAME)";
				SUPPORTED_PLATFORMS = "iphoneos iphonesimulator";
				SUPPORTS_MACCATALYST = NO;
				SUPPORTS_MAC_DESIGNED_FOR_IPHONE_IPAD = NO;
				SWIFT_EMIT_LOC_STRINGS = YES;
				SWIFT_VERSION = 5.0;
				TARGETED_DEVICE_FAMILY = "1,2";
			};
			name = Debug;
		};
		1CEAE6042AA9A0E10018C07C /* Release */ = {
			isa = XCBuildConfiguration;
			buildSettings = {
				ALWAYS_EMBED_SWIFT_STANDARD_LIBRARIES = YES;
				ASSETCATALOG_COMPILER_APPICON_NAME = AppIcon;
				ASSETCATALOG_COMPILER_GLOBAL_ACCENT_COLOR_NAME = AccentColor;
				CODE_SIGN_STYLE = Automatic;
				CURRENT_PROJECT_VERSION = 1;
				DEVELOPMENT_ASSET_PATHS = "\"WidgetTest/Preview Content\"";
				DEVELOPMENT_TEAM = J922EA4HV6;
				ENABLE_PREVIEWS = YES;
				GENERATE_INFOPLIST_FILE = YES;
				INFOPLIST_KEY_UIApplicationSceneManifest_Generation = YES;
				INFOPLIST_KEY_UIApplicationSupportsIndirectInputEvents = YES;
				INFOPLIST_KEY_UILaunchScreen_Generation = YES;
				INFOPLIST_KEY_UISupportedInterfaceOrientations_iPad = "UIInterfaceOrientationPortrait UIInterfaceOrientationPortraitUpsideDown UIInterfaceOrientationLandscapeLeft UIInterfaceOrientationLandscapeRight";
				INFOPLIST_KEY_UISupportedInterfaceOrientations_iPhone = "UIInterfaceOrientationPortrait UIInterfaceOrientationLandscapeLeft UIInterfaceOrientationLandscapeRight";
				IPHONEOS_DEPLOYMENT_TARGET = 16.0;
				LD_RUNPATH_SEARCH_PATHS = (
					"$(inherited)",
					"@executable_path/Frameworks",
				);
				MARKETING_VERSION = 1.0;
				PRODUCT_BUNDLE_IDENTIFIER = com.mobilika.WidgetTest;
				PRODUCT_NAME = "$(TARGET_NAME)";
				SUPPORTED_PLATFORMS = "iphoneos iphonesimulator";
				SUPPORTS_MACCATALYST = NO;
				SUPPORTS_MAC_DESIGNED_FOR_IPHONE_IPAD = NO;
				SWIFT_EMIT_LOC_STRINGS = YES;
				SWIFT_VERSION = 5.0;
				TARGETED_DEVICE_FAMILY = "1,2";
			};
			name = Release;
		};
		1CEAE61B2AA9A1690018C07C /* Debug */ = {
			isa = XCBuildConfiguration;
			buildSettings = {
				ASSETCATALOG_COMPILER_GLOBAL_ACCENT_COLOR_NAME = AccentColor;
				ASSETCATALOG_COMPILER_WIDGET_BACKGROUND_COLOR_NAME = WidgetBackground;
				CODE_SIGN_STYLE = Automatic;
				CURRENT_PROJECT_VERSION = 1;
				DEVELOPMENT_TEAM = J922EA4HV6;
				GENERATE_INFOPLIST_FILE = YES;
				INFOPLIST_FILE = CryptoWidget/Info.plist;
				INFOPLIST_KEY_CFBundleDisplayName = CryptoWidget;
				INFOPLIST_KEY_NSHumanReadableCopyright = "";
				LD_RUNPATH_SEARCH_PATHS = (
					"$(inherited)",
					"@executable_path/Frameworks",
					"@executable_path/../../Frameworks",
				);
				MARKETING_VERSION = 1.0;
				PRODUCT_BUNDLE_IDENTIFIER = com.mobilika.WidgetTest.CryptoWidget;
				PRODUCT_NAME = "$(TARGET_NAME)";
				SKIP_INSTALL = YES;
				SWIFT_EMIT_LOC_STRINGS = YES;
				SWIFT_VERSION = 5.0;
				TARGETED_DEVICE_FAMILY = "1,2";
			};
			name = Debug;
		};
		1CEAE61C2AA9A1690018C07C /* Release */ = {
			isa = XCBuildConfiguration;
			buildSettings = {
				ASSETCATALOG_COMPILER_GLOBAL_ACCENT_COLOR_NAME = AccentColor;
				ASSETCATALOG_COMPILER_WIDGET_BACKGROUND_COLOR_NAME = WidgetBackground;
				CODE_SIGN_STYLE = Automatic;
				CURRENT_PROJECT_VERSION = 1;
				DEVELOPMENT_TEAM = J922EA4HV6;
				GENERATE_INFOPLIST_FILE = YES;
				INFOPLIST_FILE = CryptoWidget/Info.plist;
				INFOPLIST_KEY_CFBundleDisplayName = CryptoWidget;
				INFOPLIST_KEY_NSHumanReadableCopyright = "";
				LD_RUNPATH_SEARCH_PATHS = (
					"$(inherited)",
					"@executable_path/Frameworks",
					"@executable_path/../../Frameworks",
				);
				MARKETING_VERSION = 1.0;
				PRODUCT_BUNDLE_IDENTIFIER = com.mobilika.WidgetTest.CryptoWidget;
				PRODUCT_NAME = "$(TARGET_NAME)";
				SKIP_INSTALL = YES;
				SWIFT_EMIT_LOC_STRINGS = YES;
				SWIFT_VERSION = 5.0;
				TARGETED_DEVICE_FAMILY = "1,2";
			};
			name = Release;
		};
/* End XCBuildConfiguration section */

/* Begin XCConfigurationList section */
		1CEAE5EF2AA9A0E00018C07C /* Build configuration list for PBXProject "WidgetTest" */ = {
			isa = XCConfigurationList;
			buildConfigurations = (
				1CEAE6002AA9A0E10018C07C /* Debug */,
				1CEAE6012AA9A0E10018C07C /* Release */,
			);
			defaultConfigurationIsVisible = 0;
			defaultConfigurationName = Release;
		};
		1CEAE6022AA9A0E10018C07C /* Build configuration list for PBXNativeTarget "WidgetTest" */ = {
			isa = XCConfigurationList;
			buildConfigurations = (
				1CEAE6032AA9A0E10018C07C /* Debug */,
				1CEAE6042AA9A0E10018C07C /* Release */,
			);
			defaultConfigurationIsVisible = 0;
			defaultConfigurationName = Release;
		};
		1CEAE61A2AA9A1690018C07C /* Build configuration list for PBXNativeTarget "CryptoWidgetExtension" */ = {
			isa = XCConfigurationList;
			buildConfigurations = (
				1CEAE61B2AA9A1690018C07C /* Debug */,
				1CEAE61C2AA9A1690018C07C /* Release */,
			);
			defaultConfigurationIsVisible = 0;
			defaultConfigurationName = Release;
		};
/* End XCConfigurationList section */
	};
	rootObject = 1CEAE5EC2AA9A0E00018C07C /* Project object */;
}
